// !$*UTF8*$!
{
	archiveVersion = 1;
	classes = {
	};
	objectVersion = 56;
	objects = {

/* Begin PBXBuildFile section */
		E51381F22A78059D00D167DF /* ContentView.swift in Sources */ = {isa = PBXBuildFile; fileRef = E51381EA2A78059D00D167DF /* ContentView.swift */; };
		E51381F32A78059D00D167DF /* kfdApp.swift in Sources */ = {isa = PBXBuildFile; fileRef = E51381EB2A78059D00D167DF /* kfdApp.swift */; };
		E51381F62A78059D00D167DF /* Assets.xcassets in Resources */ = {isa = PBXBuildFile; fileRef = E51381F12A78059D00D167DF /* Assets.xcassets */; };
		E513820C2A78065500D167DF /* fun.m in Sources */ = {isa = PBXBuildFile; fileRef = E51381FE2A78065500D167DF /* fun.m */; };
		E513820D2A78065500D167DF /* vm_unaligned_copy_switch_race.c in Sources */ = {isa = PBXBuildFile; fileRef = E51381FF2A78065500D167DF /* vm_unaligned_copy_switch_race.c */; };
		E513820E2A78065500D167DF /* grant_full_disk_access.m in Sources */ = {isa = PBXBuildFile; fileRef = E51382002A78065500D167DF /* grant_full_disk_access.m */; };
		E513820F2A78065500D167DF /* helpers.m in Sources */ = {isa = PBXBuildFile; fileRef = E51382012A78065500D167DF /* helpers.m */; };
		E51382102A78065500D167DF /* utils.m in Sources */ = {isa = PBXBuildFile; fileRef = E51382022A78065500D167DF /* utils.m */; };
		E51382112A78065500D167DF /* thanks_opa334dev_htrowii.m in Sources */ = {isa = PBXBuildFile; fileRef = E51382032A78065500D167DF /* thanks_opa334dev_htrowii.m */; };
		E51382122A78065500D167DF /* krw.c in Sources */ = {isa = PBXBuildFile; fileRef = E51382042A78065500D167DF /* krw.c */; };
		E51382132A78065500D167DF /* offsets.m in Sources */ = {isa = PBXBuildFile; fileRef = E51382052A78065500D167DF /* offsets.m */; };
		E51382142A78065500D167DF /* vnode.m in Sources */ = {isa = PBXBuildFile; fileRef = E51382062A78065500D167DF /* vnode.m */; };
		E51382152A78065500D167DF /* proc.c in Sources */ = {isa = PBXBuildFile; fileRef = E51382072A78065500D167DF /* proc.c */; };
		E513822C2A78A45900D167DF /* AAAA.bin in Resources */ = {isa = PBXBuildFile; fileRef = E51382182A78A45900D167DF /* AAAA.bin */; };
		E513822D2A78A45900D167DF /* SFUI.ttf in Resources */ = {isa = PBXBuildFile; fileRef = E513821A2A78A45900D167DF /* SFUI.ttf */; };
/* End PBXBuildFile section */

/* Begin PBXFileReference section */
		297BA1052A310AE100D1E51A /* kfd.app */ = {isa = PBXFileReference; explicitFileType = wrapper.application; includeInIndex = 0; path = kfd.app; sourceTree = BUILT_PRODUCTS_DIR; };
		8E5BCB972A7924860070808A /* RegionalSystemSoundsThatShareBehaviour.plist */ = {isa = PBXFileReference; lastKnownFileType = text.plist; path = RegionalSystemSoundsThatShareBehaviour.plist; sourceTree = SOURCE_ROOT; };
		8E5BCB982A795CC70070808A /* cardBackgroundCombined@2x.png */ = {isa = PBXFileReference; lastKnownFileType = image.png; path = "cardBackgroundCombined@2x.png"; sourceTree = "<group>"; };
		E51381EA2A78059D00D167DF /* ContentView.swift */ = {isa = PBXFileReference; fileEncoding = 4; lastKnownFileType = sourcecode.swift; name = ContentView.swift; path = kfd/ContentView.swift; sourceTree = "<group>"; };
		E51381EB2A78059D00D167DF /* kfdApp.swift */ = {isa = PBXFileReference; fileEncoding = 4; lastKnownFileType = sourcecode.swift; name = kfdApp.swift; path = kfd/kfdApp.swift; sourceTree = "<group>"; };
		E51381ED2A78059D00D167DF /* kfd.entitlements */ = {isa = PBXFileReference; fileEncoding = 4; lastKnownFileType = text.plist.entitlements; name = kfd.entitlements; path = kfd/kfd.entitlements; sourceTree = "<group>"; };
		E51381EF2A78059D00D167DF /* libkfd.h */ = {isa = PBXFileReference; fileEncoding = 4; lastKnownFileType = sourcecode.c.h; name = libkfd.h; path = kfd/libkfd.h; sourceTree = "<group>"; };
		E51381F02A78059D00D167DF /* kfd-Bridging-Header.h */ = {isa = PBXFileReference; fileEncoding = 4; lastKnownFileType = sourcecode.c.h; name = "kfd-Bridging-Header.h"; path = "kfd/kfd-Bridging-Header.h"; sourceTree = "<group>"; };
		E51381F12A78059D00D167DF /* Assets.xcassets */ = {isa = PBXFileReference; lastKnownFileType = folder.assetcatalog; name = Assets.xcassets; path = kfd/Assets.xcassets; sourceTree = "<group>"; };
		E51381F82A78065500D167DF /* thanks_opa334dev_htrowii.h */ = {isa = PBXFileReference; fileEncoding = 4; lastKnownFileType = sourcecode.c.h; path = thanks_opa334dev_htrowii.h; sourceTree = "<group>"; };
		E51381F92A78065500D167DF /* utils.h */ = {isa = PBXFileReference; fileEncoding = 4; lastKnownFileType = sourcecode.c.h; path = utils.h; sourceTree = "<group>"; };
		E51381FA2A78065500D167DF /* vnode.h */ = {isa = PBXFileReference; fileEncoding = 4; lastKnownFileType = sourcecode.c.h; path = vnode.h; sourceTree = "<group>"; };
		E51381FB2A78065500D167DF /* proc.h */ = {isa = PBXFileReference; fileEncoding = 4; lastKnownFileType = sourcecode.c.h; path = proc.h; sourceTree = "<group>"; };
		E51381FC2A78065500D167DF /* offsets.h */ = {isa = PBXFileReference; fileEncoding = 4; lastKnownFileType = sourcecode.c.h; path = offsets.h; sourceTree = "<group>"; };
		E51381FD2A78065500D167DF /* krw.h */ = {isa = PBXFileReference; fileEncoding = 4; lastKnownFileType = sourcecode.c.h; path = krw.h; sourceTree = "<group>"; };
		E51381FE2A78065500D167DF /* fun.m */ = {isa = PBXFileReference; fileEncoding = 4; lastKnownFileType = sourcecode.c.objc; path = fun.m; sourceTree = "<group>"; };
		E51381FF2A78065500D167DF /* vm_unaligned_copy_switch_race.c */ = {isa = PBXFileReference; fileEncoding = 4; lastKnownFileType = sourcecode.c.c; path = vm_unaligned_copy_switch_race.c; sourceTree = "<group>"; };
		E51382002A78065500D167DF /* grant_full_disk_access.m */ = {isa = PBXFileReference; fileEncoding = 4; lastKnownFileType = sourcecode.c.objc; path = grant_full_disk_access.m; sourceTree = "<group>"; };
		E51382012A78065500D167DF /* helpers.m */ = {isa = PBXFileReference; fileEncoding = 4; lastKnownFileType = sourcecode.c.objc; path = helpers.m; sourceTree = "<group>"; };
		E51382022A78065500D167DF /* utils.m */ = {isa = PBXFileReference; fileEncoding = 4; lastKnownFileType = sourcecode.c.objc; path = utils.m; sourceTree = "<group>"; };
		E51382032A78065500D167DF /* thanks_opa334dev_htrowii.m */ = {isa = PBXFileReference; fileEncoding = 4; lastKnownFileType = sourcecode.c.objc; path = thanks_opa334dev_htrowii.m; sourceTree = "<group>"; };
		E51382042A78065500D167DF /* krw.c */ = {isa = PBXFileReference; fileEncoding = 4; lastKnownFileType = sourcecode.c.c; path = krw.c; sourceTree = "<group>"; };
		E51382052A78065500D167DF /* offsets.m */ = {isa = PBXFileReference; fileEncoding = 4; lastKnownFileType = sourcecode.c.objc; path = offsets.m; sourceTree = "<group>"; };
		E51382062A78065500D167DF /* vnode.m */ = {isa = PBXFileReference; fileEncoding = 4; lastKnownFileType = sourcecode.c.objc; path = vnode.m; sourceTree = "<group>"; };
		E51382072A78065500D167DF /* proc.c */ = {isa = PBXFileReference; fileEncoding = 4; lastKnownFileType = sourcecode.c.c; path = proc.c; sourceTree = "<group>"; };
		E51382082A78065500D167DF /* fun.h */ = {isa = PBXFileReference; fileEncoding = 4; lastKnownFileType = sourcecode.c.h; path = fun.h; sourceTree = "<group>"; };
		E51382092A78065500D167DF /* vm_unaligned_copy_switch_race.h */ = {isa = PBXFileReference; fileEncoding = 4; lastKnownFileType = sourcecode.c.h; path = vm_unaligned_copy_switch_race.h; sourceTree = "<group>"; };
		E513820A2A78065500D167DF /* helpers.h */ = {isa = PBXFileReference; fileEncoding = 4; lastKnownFileType = sourcecode.c.h; path = helpers.h; sourceTree = "<group>"; };
		E513820B2A78065500D167DF /* grant_full_disk_access.h */ = {isa = PBXFileReference; fileEncoding = 4; lastKnownFileType = sourcecode.c.h; path = grant_full_disk_access.h; sourceTree = "<group>"; };
		E51382182A78A45900D167DF /* AAAA.bin */ = {isa = PBXFileReference; lastKnownFileType = archive.macbinary; path = AAAA.bin; sourceTree = "<group>"; };
		E51382192A78A45900D167DF /* krkw.h */ = {isa = PBXFileReference; fileEncoding = 4; lastKnownFileType = sourcecode.c.h; path = krkw.h; sourceTree = "<group>"; };
		E513821A2A78A45900D167DF /* SFUI.ttf */ = {isa = PBXFileReference; lastKnownFileType = file; path = SFUI.ttf; sourceTree = "<group>"; };
		E513821D2A78A45900D167DF /* kread_sem_open.h */ = {isa = PBXFileReference; fileEncoding = 4; lastKnownFileType = sourcecode.c.h; path = kread_sem_open.h; sourceTree = "<group>"; };
		E513821E2A78A45900D167DF /* kread_kqueue_workloop_ctl.h */ = {isa = PBXFileReference; fileEncoding = 4; lastKnownFileType = sourcecode.c.h; path = kread_kqueue_workloop_ctl.h; sourceTree = "<group>"; };
		E51382202A78A45900D167DF /* kwrite_sem_open.h */ = {isa = PBXFileReference; fileEncoding = 4; lastKnownFileType = sourcecode.c.h; path = kwrite_sem_open.h; sourceTree = "<group>"; };
		E51382212A78A45900D167DF /* kwrite_dup.h */ = {isa = PBXFileReference; fileEncoding = 4; lastKnownFileType = sourcecode.c.h; path = kwrite_dup.h; sourceTree = "<group>"; };
		E51382232A78A45900D167DF /* static_info.h */ = {isa = PBXFileReference; fileEncoding = 4; lastKnownFileType = sourcecode.c.h; path = static_info.h; sourceTree = "<group>"; };
		E51382242A78A45900D167DF /* dynamic_info.h */ = {isa = PBXFileReference; fileEncoding = 4; lastKnownFileType = sourcecode.c.h; path = dynamic_info.h; sourceTree = "<group>"; };
		E51382252A78A45900D167DF /* puaf.h */ = {isa = PBXFileReference; fileEncoding = 4; lastKnownFileType = sourcecode.c.h; path = puaf.h; sourceTree = "<group>"; };
		E51382262A78A45900D167DF /* common.h */ = {isa = PBXFileReference; fileEncoding = 4; lastKnownFileType = sourcecode.c.h; path = common.h; sourceTree = "<group>"; };
		E51382282A78A45900D167DF /* smith.h */ = {isa = PBXFileReference; fileEncoding = 4; lastKnownFileType = sourcecode.c.h; path = smith.h; sourceTree = "<group>"; };
		E51382292A78A45900D167DF /* physpuppet.h */ = {isa = PBXFileReference; fileEncoding = 4; lastKnownFileType = sourcecode.c.h; path = physpuppet.h; sourceTree = "<group>"; };
		E513822A2A78A45900D167DF /* perf.h */ = {isa = PBXFileReference; fileEncoding = 4; lastKnownFileType = sourcecode.c.h; path = perf.h; sourceTree = "<group>"; };
		E513822B2A78A45900D167DF /* info.h */ = {isa = PBXFileReference; fileEncoding = 4; lastKnownFileType = sourcecode.c.h; path = info.h; sourceTree = "<group>"; };
/* End PBXFileReference section */

/* Begin PBXFrameworksBuildPhase section */
		297BA1022A310AE100D1E51A /* Frameworks */ = {
			isa = PBXFrameworksBuildPhase;
			buildActionMask = 2147483647;
			files = (
			);
			runOnlyForDeploymentPostprocessing = 0;
		};
/* End PBXFrameworksBuildPhase section */

/* Begin PBXGroup section */
		297BA0FC2A310AE100D1E51A = {
			isa = PBXGroup;
			children = (
				E51381F72A78065500D167DF /* fun */,
				E51381F12A78059D00D167DF /* Assets.xcassets */,
				E51381EA2A78059D00D167DF /* ContentView.swift */,
				E51381F02A78059D00D167DF /* kfd-Bridging-Header.h */,
				E51382172A78A45900D167DF /* libkfd */,
				E51381ED2A78059D00D167DF /* kfd.entitlements */,
				E51381EB2A78059D00D167DF /* kfdApp.swift */,
				E51381EF2A78059D00D167DF /* libkfd.h */,
				297BA1062A310AE100D1E51A /* Products */,
			);
			sourceTree = "<group>";
		};
		297BA1062A310AE100D1E51A /* Products */ = {
			isa = PBXGroup;
			children = (
				297BA1052A310AE100D1E51A /* kfd.app */,
			);
			name = Products;
			sourceTree = "<group>";
		};
		E51381F72A78065500D167DF /* fun */ = {
			isa = PBXGroup;
			children = (
				E51381F82A78065500D167DF /* thanks_opa334dev_htrowii.h */,
				E51381F92A78065500D167DF /* utils.h */,
				E51381FA2A78065500D167DF /* vnode.h */,
				E51381FB2A78065500D167DF /* proc.h */,
				E51381FC2A78065500D167DF /* offsets.h */,
				E51381FD2A78065500D167DF /* krw.h */,
				E51381FE2A78065500D167DF /* fun.m */,
				E51381FF2A78065500D167DF /* vm_unaligned_copy_switch_race.c */,
				E51382002A78065500D167DF /* grant_full_disk_access.m */,
				E51382012A78065500D167DF /* helpers.m */,
				E51382022A78065500D167DF /* utils.m */,
				E51382032A78065500D167DF /* thanks_opa334dev_htrowii.m */,
				E51382042A78065500D167DF /* krw.c */,
				E51382052A78065500D167DF /* offsets.m */,
				E51382062A78065500D167DF /* vnode.m */,
				E51382072A78065500D167DF /* proc.c */,
				E51382082A78065500D167DF /* fun.h */,
				E51382092A78065500D167DF /* vm_unaligned_copy_switch_race.h */,
				E513820A2A78065500D167DF /* helpers.h */,
				E513820B2A78065500D167DF /* grant_full_disk_access.h */,
			);
			name = fun;
			path = kfd/fun;
			sourceTree = "<group>";
		};
		E51382172A78A45900D167DF /* libkfd */ = {
			isa = PBXGroup;
			children = (
				8E5BCB982A795CC70070808A /* cardBackgroundCombined@2x.png */,
				8E5BCB972A7924860070808A /* RegionalSystemSoundsThatShareBehaviour.plist */,
				E51382182A78A45900D167DF /* AAAA.bin */,
				E51382192A78A45900D167DF /* krkw.h */,
				E513821A2A78A45900D167DF /* SFUI.ttf */,
				E513821B2A78A45900D167DF /* krkw */,
				E51382222A78A45900D167DF /* info */,
				E51382252A78A45900D167DF /* puaf.h */,
				E51382262A78A45900D167DF /* common.h */,
				E51382272A78A45900D167DF /* puaf */,
				E513822A2A78A45900D167DF /* perf.h */,
				E513822B2A78A45900D167DF /* info.h */,
			);
			name = libkfd;
			path = kfd/libkfd;
			sourceTree = "<group>";
		};
		E513821B2A78A45900D167DF /* krkw */ = {
			isa = PBXGroup;
			children = (
				E513821C2A78A45900D167DF /* kread */,
				E513821F2A78A45900D167DF /* kwrite */,
			);
			path = krkw;
			sourceTree = "<group>";
		};
		E513821C2A78A45900D167DF /* kread */ = {
			isa = PBXGroup;
			children = (
				E513821D2A78A45900D167DF /* kread_sem_open.h */,
				E513821E2A78A45900D167DF /* kread_kqueue_workloop_ctl.h */,
			);
			path = kread;
			sourceTree = "<group>";
		};
		E513821F2A78A45900D167DF /* kwrite */ = {
			isa = PBXGroup;
			children = (
				E51382202A78A45900D167DF /* kwrite_sem_open.h */,
				E51382212A78A45900D167DF /* kwrite_dup.h */,
			);
			path = kwrite;
			sourceTree = "<group>";
		};
		E51382222A78A45900D167DF /* info */ = {
			isa = PBXGroup;
			children = (
				E51382232A78A45900D167DF /* static_info.h */,
				E51382242A78A45900D167DF /* dynamic_info.h */,
			);
			path = info;
			sourceTree = "<group>";
		};
		E51382272A78A45900D167DF /* puaf */ = {
			isa = PBXGroup;
			children = (
				E51382282A78A45900D167DF /* smith.h */,
				E51382292A78A45900D167DF /* physpuppet.h */,
			);
			path = puaf;
			sourceTree = "<group>";
		};
/* End PBXGroup section */

/* Begin PBXNativeTarget section */
		297BA1042A310AE100D1E51A /* kfd */ = {
			isa = PBXNativeTarget;
			buildConfigurationList = 297BA1142A310AE200D1E51A /* Build configuration list for PBXNativeTarget "kfd" */;
			buildPhases = (
				297BA1012A310AE100D1E51A /* Sources */,
				297BA1022A310AE100D1E51A /* Frameworks */,
				297BA1032A310AE100D1E51A /* Resources */,
			);
			buildRules = (
			);
			dependencies = (
			);
			name = kfd;
			productName = kfd;
			productReference = 297BA1052A310AE100D1E51A /* kfd.app */;
			productType = "com.apple.product-type.application";
		};
/* End PBXNativeTarget section */

/* Begin PBXProject section */
		297BA0FD2A310AE100D1E51A /* Project object */ = {
			isa = PBXProject;
			attributes = {
				BuildIndependentTargetsInParallel = 1;
				LastSwiftUpdateCheck = 1430;
				LastUpgradeCheck = 1430;
				TargetAttributes = {
					297BA1042A310AE100D1E51A = {
						CreatedOnToolsVersion = 14.3.1;
						LastSwiftMigration = 1430;
					};
				};
			};
			buildConfigurationList = 297BA1002A310AE100D1E51A /* Build configuration list for PBXProject "kfd" */;
			compatibilityVersion = "Xcode 14.0";
			developmentRegion = en;
			hasScannedForEncodings = 0;
			knownRegions = (
				en,
				Base,
			);
			mainGroup = 297BA0FC2A310AE100D1E51A;
			productRefGroup = 297BA1062A310AE100D1E51A /* Products */;
			projectDirPath = "";
			projectRoot = "";
			targets = (
				297BA1042A310AE100D1E51A /* kfd */,
			);
		};
/* End PBXProject section */

/* Begin PBXResourcesBuildPhase section */
		297BA1032A310AE100D1E51A /* Resources */ = {
			isa = PBXResourcesBuildPhase;
			buildActionMask = 2147483647;
			files = (
				E513822D2A78A45900D167DF /* SFUI.ttf in Resources */,
				E51381F62A78059D00D167DF /* Assets.xcassets in Resources */,
				E513822C2A78A45900D167DF /* AAAA.bin in Resources */,
			);
			runOnlyForDeploymentPostprocessing = 0;
		};
/* End PBXResourcesBuildPhase section */

/* Begin PBXSourcesBuildPhase section */
		297BA1012A310AE100D1E51A /* Sources */ = {
			isa = PBXSourcesBuildPhase;
			buildActionMask = 2147483647;
			files = (
				E51382132A78065500D167DF /* offsets.m in Sources */,
				E51382122A78065500D167DF /* krw.c in Sources */,
				E513820C2A78065500D167DF /* fun.m in Sources */,
				E513820F2A78065500D167DF /* helpers.m in Sources */,
				E51381F22A78059D00D167DF /* ContentView.swift in Sources */,
				E51382112A78065500D167DF /* thanks_opa334dev_htrowii.m in Sources */,
				E51382142A78065500D167DF /* vnode.m in Sources */,
				E51382102A78065500D167DF /* utils.m in Sources */,
				E513820E2A78065500D167DF /* grant_full_disk_access.m in Sources */,
				E513820D2A78065500D167DF /* vm_unaligned_copy_switch_race.c in Sources */,
				E51381F32A78059D00D167DF /* kfdApp.swift in Sources */,
				E51382152A78065500D167DF /* proc.c in Sources */,
			);
			runOnlyForDeploymentPostprocessing = 0;
		};
/* End PBXSourcesBuildPhase section */

/* Begin XCBuildConfiguration section */
		297BA1122A310AE200D1E51A /* Debug */ = {
			isa = XCBuildConfiguration;
			buildSettings = {
				ALWAYS_SEARCH_USER_PATHS = NO;
				CLANG_ANALYZER_NONNULL = YES;
				CLANG_ANALYZER_NUMBER_OBJECT_CONVERSION = YES_AGGRESSIVE;
				CLANG_CXX_LANGUAGE_STANDARD = "gnu++20";
				CLANG_ENABLE_MODULES = YES;
				CLANG_ENABLE_OBJC_ARC = YES;
				CLANG_ENABLE_OBJC_WEAK = YES;
				CLANG_WARN_BLOCK_CAPTURE_AUTORELEASING = YES;
				CLANG_WARN_BOOL_CONVERSION = YES;
				CLANG_WARN_COMMA = YES;
				CLANG_WARN_CONSTANT_CONVERSION = YES;
				CLANG_WARN_DEPRECATED_OBJC_IMPLEMENTATIONS = YES;
				CLANG_WARN_DIRECT_OBJC_ISA_USAGE = YES_ERROR;
				CLANG_WARN_DOCUMENTATION_COMMENTS = YES;
				CLANG_WARN_EMPTY_BODY = YES;
				CLANG_WARN_ENUM_CONVERSION = YES;
				CLANG_WARN_INFINITE_RECURSION = YES;
				CLANG_WARN_INT_CONVERSION = YES;
				CLANG_WARN_NON_LITERAL_NULL_CONVERSION = YES;
				CLANG_WARN_OBJC_IMPLICIT_RETAIN_SELF = YES;
				CLANG_WARN_OBJC_LITERAL_CONVERSION = YES;
				CLANG_WARN_OBJC_ROOT_CLASS = YES_ERROR;
				CLANG_WARN_QUOTED_INCLUDE_IN_FRAMEWORK_HEADER = YES;
				CLANG_WARN_RANGE_LOOP_ANALYSIS = YES;
				CLANG_WARN_STRICT_PROTOTYPES = YES;
				CLANG_WARN_SUSPICIOUS_MOVE = YES;
				CLANG_WARN_UNGUARDED_AVAILABILITY = YES_AGGRESSIVE;
				CLANG_WARN_UNREACHABLE_CODE = YES;
				CLANG_WARN__DUPLICATE_METHOD_MATCH = YES;
				COPY_PHASE_STRIP = NO;
				DEBUG_INFORMATION_FORMAT = dwarf;
				ENABLE_STRICT_OBJC_MSGSEND = YES;
				ENABLE_TESTABILITY = YES;
				GCC_C_LANGUAGE_STANDARD = gnu11;
				GCC_DYNAMIC_NO_PIC = NO;
				GCC_NO_COMMON_BLOCKS = YES;
				GCC_OPTIMIZATION_LEVEL = 0;
				GCC_PREPROCESSOR_DEFINITIONS = (
					"DEBUG=1",
					"$(inherited)",
				);
				GCC_WARN_64_TO_32_BIT_CONVERSION = YES;
				GCC_WARN_ABOUT_RETURN_TYPE = YES_ERROR;
				GCC_WARN_UNDECLARED_SELECTOR = YES;
				GCC_WARN_UNINITIALIZED_AUTOS = YES_AGGRESSIVE;
				GCC_WARN_UNUSED_FUNCTION = YES;
				GCC_WARN_UNUSED_VARIABLE = YES;
				MTL_ENABLE_DEBUG_INFO = INCLUDE_SOURCE;
				MTL_FAST_MATH = YES;
				ONLY_ACTIVE_ARCH = YES;
				SWIFT_ACTIVE_COMPILATION_CONDITIONS = DEBUG;
				SWIFT_OPTIMIZATION_LEVEL = "-Onone";
			};
			name = Debug;
		};
		297BA1132A310AE200D1E51A /* Release */ = {
			isa = XCBuildConfiguration;
			buildSettings = {
				ALWAYS_SEARCH_USER_PATHS = NO;
				CLANG_ANALYZER_NONNULL = YES;
				CLANG_ANALYZER_NUMBER_OBJECT_CONVERSION = YES_AGGRESSIVE;
				CLANG_CXX_LANGUAGE_STANDARD = "gnu++20";
				CLANG_ENABLE_MODULES = YES;
				CLANG_ENABLE_OBJC_ARC = YES;
				CLANG_ENABLE_OBJC_WEAK = YES;
				CLANG_WARN_BLOCK_CAPTURE_AUTORELEASING = YES;
				CLANG_WARN_BOOL_CONVERSION = YES;
				CLANG_WARN_COMMA = YES;
				CLANG_WARN_CONSTANT_CONVERSION = YES;
				CLANG_WARN_DEPRECATED_OBJC_IMPLEMENTATIONS = YES;
				CLANG_WARN_DIRECT_OBJC_ISA_USAGE = YES_ERROR;
				CLANG_WARN_DOCUMENTATION_COMMENTS = YES;
				CLANG_WARN_EMPTY_BODY = YES;
				CLANG_WARN_ENUM_CONVERSION = YES;
				CLANG_WARN_INFINITE_RECURSION = YES;
				CLANG_WARN_INT_CONVERSION = YES;
				CLANG_WARN_NON_LITERAL_NULL_CONVERSION = YES;
				CLANG_WARN_OBJC_IMPLICIT_RETAIN_SELF = YES;
				CLANG_WARN_OBJC_LITERAL_CONVERSION = YES;
				CLANG_WARN_OBJC_ROOT_CLASS = YES_ERROR;
				CLANG_WARN_QUOTED_INCLUDE_IN_FRAMEWORK_HEADER = YES;
				CLANG_WARN_RANGE_LOOP_ANALYSIS = YES;
				CLANG_WARN_STRICT_PROTOTYPES = YES;
				CLANG_WARN_SUSPICIOUS_MOVE = YES;
				CLANG_WARN_UNGUARDED_AVAILABILITY = YES_AGGRESSIVE;
				CLANG_WARN_UNREACHABLE_CODE = YES;
				CLANG_WARN__DUPLICATE_METHOD_MATCH = YES;
				COPY_PHASE_STRIP = NO;
				DEBUG_INFORMATION_FORMAT = "dwarf-with-dsym";
				ENABLE_NS_ASSERTIONS = NO;
				ENABLE_STRICT_OBJC_MSGSEND = YES;
				GCC_C_LANGUAGE_STANDARD = gnu11;
				GCC_NO_COMMON_BLOCKS = YES;
				GCC_WARN_64_TO_32_BIT_CONVERSION = YES;
				GCC_WARN_ABOUT_RETURN_TYPE = YES_ERROR;
				GCC_WARN_UNDECLARED_SELECTOR = YES;
				GCC_WARN_UNINITIALIZED_AUTOS = YES_AGGRESSIVE;
				GCC_WARN_UNUSED_FUNCTION = YES;
				GCC_WARN_UNUSED_VARIABLE = YES;
				MTL_ENABLE_DEBUG_INFO = NO;
				MTL_FAST_MATH = YES;
				SWIFT_COMPILATION_MODE = wholemodule;
				SWIFT_OPTIMIZATION_LEVEL = "-O";
			};
			name = Release;
		};
		297BA1152A310AE200D1E51A /* Debug */ = {
			isa = XCBuildConfiguration;
			buildSettings = {
				ASSETCATALOG_COMPILER_APPICON_NAME = AppIcon;
				ASSETCATALOG_COMPILER_GLOBAL_ACCENT_COLOR_NAME = AccentColor;
				CLANG_ENABLE_MODULES = YES;
				CODE_SIGN_ENTITLEMENTS = kfd/kfd.entitlements;
				CODE_SIGN_STYLE = Automatic;
				CURRENT_PROJECT_VERSION = 1;
				DEVELOPMENT_ASSET_PATHS = "";
				DEVELOPMENT_TEAM = TS5FU8NRYW;
				ENABLE_HARDENED_RUNTIME = YES;
				ENABLE_PREVIEWS = YES;
				GENERATE_INFOPLIST_FILE = YES;
				"INFOPLIST_KEY_UIApplicationSceneManifest_Generation[sdk=iphoneos*]" = YES;
				"INFOPLIST_KEY_UIApplicationSceneManifest_Generation[sdk=iphonesimulator*]" = YES;
				"INFOPLIST_KEY_UIApplicationSupportsIndirectInputEvents[sdk=iphoneos*]" = YES;
				"INFOPLIST_KEY_UIApplicationSupportsIndirectInputEvents[sdk=iphonesimulator*]" = YES;
				"INFOPLIST_KEY_UILaunchScreen_Generation[sdk=iphoneos*]" = YES;
				"INFOPLIST_KEY_UILaunchScreen_Generation[sdk=iphonesimulator*]" = YES;
				"INFOPLIST_KEY_UIStatusBarStyle[sdk=iphoneos*]" = UIStatusBarStyleDefault;
				"INFOPLIST_KEY_UIStatusBarStyle[sdk=iphonesimulator*]" = UIStatusBarStyleDefault;
				INFOPLIST_KEY_UISupportedInterfaceOrientations_iPad = "UIInterfaceOrientationPortrait UIInterfaceOrientationPortraitUpsideDown UIInterfaceOrientationLandscapeLeft UIInterfaceOrientationLandscapeRight";
				INFOPLIST_KEY_UISupportedInterfaceOrientations_iPhone = "UIInterfaceOrientationPortrait UIInterfaceOrientationLandscapeLeft UIInterfaceOrientationLandscapeRight";
				IPHONEOS_DEPLOYMENT_TARGET = 16.0;
				LD_RUNPATH_SEARCH_PATHS = "@executable_path/Frameworks";
				"LD_RUNPATH_SEARCH_PATHS[sdk=macosx*]" = "@executable_path/../Frameworks";
				MACOSX_DEPLOYMENT_TARGET = 13.3;
				MARKETING_VERSION = 1.0;
				PRODUCT_BUNDLE_IDENTIFIER = com.parkm.kfdtest;
				PRODUCT_NAME = "$(TARGET_NAME)";
				SDKROOT = auto;
				SUPPORTED_PLATFORMS = "iphoneos iphonesimulator macosx";
				SWIFT_EMIT_LOC_STRINGS = YES;
				SWIFT_OBJC_BRIDGING_HEADER = "kfd/kfd-Bridging-Header.h";
				SWIFT_OPTIMIZATION_LEVEL = "-Onone";
				SWIFT_VERSION = 5.0;
				TARGETED_DEVICE_FAMILY = "1,2";
			};
			name = Debug;
		};
		297BA1162A310AE200D1E51A /* Release */ = {
			isa = XCBuildConfiguration;
			buildSettings = {
				ASSETCATALOG_COMPILER_APPICON_NAME = AppIcon;
				ASSETCATALOG_COMPILER_GLOBAL_ACCENT_COLOR_NAME = AccentColor;
				CLANG_ENABLE_MODULES = YES;
				CODE_SIGN_ENTITLEMENTS = kfd/kfd.entitlements;
				CODE_SIGN_STYLE = Automatic;
				CURRENT_PROJECT_VERSION = 1;
				DEVELOPMENT_ASSET_PATHS = "";
				DEVELOPMENT_TEAM = TS5FU8NRYW;
				ENABLE_HARDENED_RUNTIME = YES;
				ENABLE_PREVIEWS = YES;
				GENERATE_INFOPLIST_FILE = YES;
				"INFOPLIST_KEY_UIApplicationSceneManifest_Generation[sdk=iphoneos*]" = YES;
				"INFOPLIST_KEY_UIApplicationSceneManifest_Generation[sdk=iphonesimulator*]" = YES;
				"INFOPLIST_KEY_UIApplicationSupportsIndirectInputEvents[sdk=iphoneos*]" = YES;
				"INFOPLIST_KEY_UIApplicationSupportsIndirectInputEvents[sdk=iphonesimulator*]" = YES;
				"INFOPLIST_KEY_UILaunchScreen_Generation[sdk=iphoneos*]" = YES;
				"INFOPLIST_KEY_UILaunchScreen_Generation[sdk=iphonesimulator*]" = YES;
				"INFOPLIST_KEY_UIStatusBarStyle[sdk=iphoneos*]" = UIStatusBarStyleDefault;
				"INFOPLIST_KEY_UIStatusBarStyle[sdk=iphonesimulator*]" = UIStatusBarStyleDefault;
				INFOPLIST_KEY_UISupportedInterfaceOrientations_iPad = "UIInterfaceOrientationPortrait UIInterfaceOrientationPortraitUpsideDown UIInterfaceOrientationLandscapeLeft UIInterfaceOrientationLandscapeRight";
				INFOPLIST_KEY_UISupportedInterfaceOrientations_iPhone = "UIInterfaceOrientationPortrait UIInterfaceOrientationLandscapeLeft UIInterfaceOrientationLandscapeRight";
				IPHONEOS_DEPLOYMENT_TARGET = 16.0;
				LD_RUNPATH_SEARCH_PATHS = "@executable_path/Frameworks";
				"LD_RUNPATH_SEARCH_PATHS[sdk=macosx*]" = "@executable_path/../Frameworks";
				MACOSX_DEPLOYMENT_TARGET = 13.3;
				MARKETING_VERSION = 1.0;
				PRODUCT_BUNDLE_IDENTIFIER = com.parkm.kfdtest;
				PRODUCT_NAME = "$(TARGET_NAME)";
				SDKROOT = auto;
				SUPPORTED_PLATFORMS = "iphoneos iphonesimulator macosx";
				SWIFT_EMIT_LOC_STRINGS = YES;
				SWIFT_OBJC_BRIDGING_HEADER = "kfd/kfd-Bridging-Header.h";
				SWIFT_VERSION = 5.0;
				TARGETED_DEVICE_FAMILY = "1,2";
			};
			name = Release;
		};
/* End XCBuildConfiguration section */

/* Begin XCConfigurationList section */
		297BA1002A310AE100D1E51A /* Build configuration list for PBXProject "kfd" */ = {
			isa = XCConfigurationList;
			buildConfigurations = (
				297BA1122A310AE200D1E51A /* Debug */,
				297BA1132A310AE200D1E51A /* Release */,
			);
			defaultConfigurationIsVisible = 0;
			defaultConfigurationName = Release;
		};
		297BA1142A310AE200D1E51A /* Build configuration list for PBXNativeTarget "kfd" */ = {
			isa = XCConfigurationList;
			buildConfigurations = (
				297BA1152A310AE200D1E51A /* Debug */,
				297BA1162A310AE200D1E51A /* Release */,
			);
			defaultConfigurationIsVisible = 0;
			defaultConfigurationName = Release;
		};
/* End XCConfigurationList section */
	};
	rootObject = 297BA0FD2A310AE100D1E51A /* Project object */;
}
